<?xml version="1.0" encoding="utf-8"?>
<Project ToolsVersion="4.0" xmlns="http://schemas.microsoft.com/developer/msbuild/2003">
  <ItemGroup>
    <Filter Include="Исходные файлы">
      <UniqueIdentifier>{4FC737F1-C7A5-4376-A066-2A32D752A2FF}</UniqueIdentifier>
      <Extensions>cpp;c;cc;cxx;c++;cppm;ixx;def;odl;idl;hpj;bat;asm;asmx</Extensions>
    </Filter>
    <Filter Include="Файлы заголовков">
      <UniqueIdentifier>{93995380-89BD-4b04-88EB-625FBE52EBFB}</UniqueIdentifier>
      <Extensions>h;hh;hpp;hxx;h++;hm;inl;inc;ipp;xsd</Extensions>
    </Filter>
    <Filter Include="Файлы ресурсов">
      <UniqueIdentifier>{67DA6AB6-F800-4c08-8B7A-83BB121AAD01}</UniqueIdentifier>
      <Extensions>rc;ico;cur;bmp;dlg;rc2;rct;bin;rgs;gif;jpg;jpeg;jpe;resx;tiff;tif;png;wav;mfcribbon-ms</Extensions>
    </Filter>
    <Filter Include="Исходные файлы\Tests">
      <UniqueIdentifier>{c7130141-d5ac-4f70-a140-bc0e2b03ac9b}</UniqueIdentifier>
    </Filter>
    <Filter Include="Исходные файлы\src">
      <UniqueIdentifier>{5cea99dd-98b0-40e5-b282-01b32f3b34d2}</UniqueIdentifier>
    </Filter>
    <Filter Include="Файлы заголовков\src">
      <UniqueIdentifier>{6a540bde-e250-4c43-b3ea-b86c07528544}</UniqueIdentifier>
    </Filter>
  </ItemGroup>
  <ItemGroup>
    <ClCompile Include="SymCalculator.cpp">
      <Filter>Исходные файлы\src</Filter>
    </ClCompile>
    <ClCompile Include="SymConstantManager.cpp">
      <Filter>Исходные файлы\src</Filter>
    </ClCompile>
    <ClCompile Include="SymExpression.cpp">
      <Filter>Исходные файлы\src</Filter>
    </ClCompile>
    <ClCompile Include="SymFormConverter.cpp">
      <Filter>Исходные файлы\src</Filter>
    </ClCompile>
    <ClCompile Include="SymHelper.cpp">
      <Filter>Исходные файлы\src</Filter>
    </ClCompile>
    <ClCompile Include="SymParser.cpp">
      <Filter>Исходные файлы\src</Filter>
    </ClCompile>
    <ClCompile Include="symUtilities.cpp">
      <Filter>Исходные файлы\src</Filter>
    </ClCompile>
    <ClCompile Include="..\Tests\SymCalculatorTest.cpp">
      <Filter>Исходные файлы\Tests</Filter>
    </ClCompile>
    <ClCompile Include="..\Tests\SymConstantManagerTest.cpp">
      <Filter>Исходные файлы\Tests</Filter>
    </ClCompile>
    <ClCompile Include="..\Tests\SymExpressionTest.cpp">
      <Filter>Исходные файлы\Tests</Filter>
    </ClCompile>
    <ClCompile Include="..\Tests\SymFormConverterTest.cpp">
      <Filter>Исходные файлы\Tests</Filter>
    </ClCompile>
    <ClCompile Include="..\Tests\SymHelperTest.cpp">
      <Filter>Исходные файлы\Tests</Filter>
    </ClCompile>
    <ClCompile Include="..\Tests\SymParserTest.cpp">
      <Filter>Исходные файлы\Tests</Filter>
    </ClCompile>
    <ClCompile Include="..\Tests\symUtilitiesTest.cpp">
      <Filter>Исходные файлы\Tests</Filter>
    </ClCompile>
    <ClCompile Include="..\Tests\main.cpp">
      <Filter>Исходные файлы\Tests</Filter>
    </ClCompile>
    <ClCompile Include="SymVerifier.cpp">
      <Filter>Исходные файлы\src</Filter>
    </ClCompile>
  </ItemGroup>
  <ItemGroup>
    <ClInclude Include="SymHelper.h">
      <Filter>Файлы заголовков\src</Filter>
    </ClInclude>
    <ClInclude Include="SymCalculator.h">
      <Filter>Файлы заголовков\src</Filter>
    </ClInclude>
    <ClInclude Include="SymConstantManager.h">
      <Filter>Файлы заголовков\src</Filter>
    </ClInclude>
    <ClInclude Include="SymExpression.h">
      <Filter>Файлы заголовков\src</Filter>
    </ClInclude>
    <ClInclude Include="SymFormConverter.h">
      <Filter>Файлы заголовков\src</Filter>
    </ClInclude>
    <ClInclude Include="SymParser.h">
      <Filter>Файлы заголовков\src</Filter>
    </ClInclude>
    <ClInclude Include="symUtilities.h">
      <Filter>Файлы заголовков\src</Filter>
    </ClInclude>
    <ClInclude Include="SymVerifier.h">
      <Filter>Файлы заголовков\src</Filter>
    </ClInclude>
  </ItemGroup>
  <ItemGroup>
    <None Include="cpp.hint" />
  </ItemGroup>
</Project>